// !$*UTF8*$!
{
	archiveVersion = 1;
	classes = {
	};
	objectVersion = 51;
	objects = {

/* Begin PBXBuildFile section */
		2BAD4EE027D043CC1714F6A6 /* Pods_NewsJSONParser_NewsJSONParserUITests.framework in Frameworks */ = {isa = PBXBuildFile; fileRef = 974F9CE558122C7A2CCC206B /* Pods_NewsJSONParser_NewsJSONParserUITests.framework */; };
		3EBD55EDE681C98D1AE23DBC /* Pods_NewsJSONParser.framework in Frameworks */ = {isa = PBXBuildFile; fileRef = 9F442FC5C7294EB85439AA27 /* Pods_NewsJSONParser.framework */; };
		C3452259EDD25031072F2B3D /* Pods_NewsJSONParserTests.framework in Frameworks */ = {isa = PBXBuildFile; fileRef = 9AED1A02C748143EBAC40027 /* Pods_NewsJSONParserTests.framework */; };
		D69916BE23DEFE6100A44066 /* AppDelegate.swift in Sources */ = {isa = PBXBuildFile; fileRef = D69916BD23DEFE6100A44066 /* AppDelegate.swift */; };
		D69916C223DEFE6100A44066 /* NewsViewController.swift in Sources */ = {isa = PBXBuildFile; fileRef = D69916C123DEFE6100A44066 /* NewsViewController.swift */; };
		D69916C723DEFE6200A44066 /* Assets.xcassets in Resources */ = {isa = PBXBuildFile; fileRef = D69916C623DEFE6200A44066 /* Assets.xcassets */; };
		D69916D523DEFE6300A44066 /* NewsJSONParserTests.swift in Sources */ = {isa = PBXBuildFile; fileRef = D69916D423DEFE6300A44066 /* NewsJSONParserTests.swift */; };
		D69916E023DEFE6300A44066 /* NewsJSONParserUITests.swift in Sources */ = {isa = PBXBuildFile; fileRef = D69916DF23DEFE6300A44066 /* NewsJSONParserUITests.swift */; };
		D69916F523DF5F9400A44066 /* NewsViewModel.swift in Sources */ = {isa = PBXBuildFile; fileRef = D69916F423DF5F9400A44066 /* NewsViewModel.swift */; };
		D69916F723DF5FEF00A44066 /* NewsAppCell.swift in Sources */ = {isa = PBXBuildFile; fileRef = D69916F623DF5FEF00A44066 /* NewsAppCell.swift */; };
		D69916F923DF613200A44066 /* NetworkManager.swift in Sources */ = {isa = PBXBuildFile; fileRef = D69916F823DF613200A44066 /* NetworkManager.swift */; };
		D69916FB23DF62BD00A44066 /* Reachability.swift in Sources */ = {isa = PBXBuildFile; fileRef = D69916FA23DF62BD00A44066 /* Reachability.swift */; };
		D69916FD23DF62D100A44066 /* Result.swift in Sources */ = {isa = PBXBuildFile; fileRef = D69916FC23DF62D100A44066 /* Result.swift */; };
		D69916FF23DF62F400A44066 /* News.swift in Sources */ = {isa = PBXBuildFile; fileRef = D69916FE23DF62F400A44066 /* News.swift */; };
		D699170123DF630800A44066 /* NewsArticle.swift in Sources */ = {isa = PBXBuildFile; fileRef = D699170023DF630800A44066 /* NewsArticle.swift */; };
		D699170323DF633300A44066 /* GCD.swift in Sources */ = {isa = PBXBuildFile; fileRef = D699170223DF633300A44066 /* GCD.swift */; };
/* End PBXBuildFile section */

/* Begin PBXContainerItemProxy section */
		D69916D123DEFE6300A44066 /* PBXContainerItemProxy */ = {
			isa = PBXContainerItemProxy;
			containerPortal = D69916B223DEFE6100A44066 /* Project object */;
			proxyType = 1;
			remoteGlobalIDString = D69916B923DEFE6100A44066;
			remoteInfo = NewsJSONParser;
		};
		D69916DC23DEFE6300A44066 /* PBXContainerItemProxy */ = {
			isa = PBXContainerItemProxy;
			containerPortal = D69916B223DEFE6100A44066 /* Project object */;
			proxyType = 1;
			remoteGlobalIDString = D69916B923DEFE6100A44066;
			remoteInfo = NewsJSONParser;
		};
/* End PBXContainerItemProxy section */

/* Begin PBXFileReference section */
		0B93B0D0191566D22B88DC0C /* Pods-NewsJSONParser-NewsJSONParserUITests.release.xcconfig */ = {isa = PBXFileReference; includeInIndex = 1; lastKnownFileType = text.xcconfig; name = "Pods-NewsJSONParser-NewsJSONParserUITests.release.xcconfig"; path = "Target Support Files/Pods-NewsJSONParser-NewsJSONParserUITests/Pods-NewsJSONParser-NewsJSONParserUITests.release.xcconfig"; sourceTree = "<group>"; };
		2BB3752CA77C92C883408B91 /* Pods-NewsJSONParserTests.release.xcconfig */ = {isa = PBXFileReference; includeInIndex = 1; lastKnownFileType = text.xcconfig; name = "Pods-NewsJSONParserTests.release.xcconfig"; path = "Target Support Files/Pods-NewsJSONParserTests/Pods-NewsJSONParserTests.release.xcconfig"; sourceTree = "<group>"; };
		461444F052916F51FF3422BF /* Pods-NewsJSONParser-NewsJSONParserUITests.debug.xcconfig */ = {isa = PBXFileReference; includeInIndex = 1; lastKnownFileType = text.xcconfig; name = "Pods-NewsJSONParser-NewsJSONParserUITests.debug.xcconfig"; path = "Target Support Files/Pods-NewsJSONParser-NewsJSONParserUITests/Pods-NewsJSONParser-NewsJSONParserUITests.debug.xcconfig"; sourceTree = "<group>"; };
		5ED18AF839E5980D20663B6D /* Pods-NewsJSONParser.release.xcconfig */ = {isa = PBXFileReference; includeInIndex = 1; lastKnownFileType = text.xcconfig; name = "Pods-NewsJSONParser.release.xcconfig"; path = "Target Support Files/Pods-NewsJSONParser/Pods-NewsJSONParser.release.xcconfig"; sourceTree = "<group>"; };
		974F9CE558122C7A2CCC206B /* Pods_NewsJSONParser_NewsJSONParserUITests.framework */ = {isa = PBXFileReference; explicitFileType = wrapper.framework; includeInIndex = 0; path = Pods_NewsJSONParser_NewsJSONParserUITests.framework; sourceTree = BUILT_PRODUCTS_DIR; };
		9AED1A02C748143EBAC40027 /* Pods_NewsJSONParserTests.framework */ = {isa = PBXFileReference; explicitFileType = wrapper.framework; includeInIndex = 0; path = Pods_NewsJSONParserTests.framework; sourceTree = BUILT_PRODUCTS_DIR; };
		9F442FC5C7294EB85439AA27 /* Pods_NewsJSONParser.framework */ = {isa = PBXFileReference; explicitFileType = wrapper.framework; includeInIndex = 0; path = Pods_NewsJSONParser.framework; sourceTree = BUILT_PRODUCTS_DIR; };
		D69916BA23DEFE6100A44066 /* NewsJSONParser.app */ = {isa = PBXFileReference; explicitFileType = wrapper.application; includeInIndex = 0; path = NewsJSONParser.app; sourceTree = BUILT_PRODUCTS_DIR; };
		D69916BD23DEFE6100A44066 /* AppDelegate.swift */ = {isa = PBXFileReference; lastKnownFileType = sourcecode.swift; path = AppDelegate.swift; sourceTree = "<group>"; };
		D69916C123DEFE6100A44066 /* NewsViewController.swift */ = {isa = PBXFileReference; lastKnownFileType = sourcecode.swift; path = NewsViewController.swift; sourceTree = "<group>"; };
		D69916C623DEFE6200A44066 /* Assets.xcassets */ = {isa = PBXFileReference; lastKnownFileType = folder.assetcatalog; path = Assets.xcassets; sourceTree = "<group>"; };
		D69916CB23DEFE6200A44066 /* Info.plist */ = {isa = PBXFileReference; lastKnownFileType = text.plist.xml; path = Info.plist; sourceTree = "<group>"; };
		D69916D023DEFE6300A44066 /* NewsJSONParserTests.xctest */ = {isa = PBXFileReference; explicitFileType = wrapper.cfbundle; includeInIndex = 0; path = NewsJSONParserTests.xctest; sourceTree = BUILT_PRODUCTS_DIR; };
		D69916D423DEFE6300A44066 /* NewsJSONParserTests.swift */ = {isa = PBXFileReference; lastKnownFileType = sourcecode.swift; path = NewsJSONParserTests.swift; sourceTree = "<group>"; };
		D69916D623DEFE6300A44066 /* Info.plist */ = {isa = PBXFileReference; lastKnownFileType = text.plist.xml; path = Info.plist; sourceTree = "<group>"; };
		D69916DB23DEFE6300A44066 /* NewsJSONParserUITests.xctest */ = {isa = PBXFileReference; explicitFileType = wrapper.cfbundle; includeInIndex = 0; path = NewsJSONParserUITests.xctest; sourceTree = BUILT_PRODUCTS_DIR; };
		D69916DF23DEFE6300A44066 /* NewsJSONParserUITests.swift */ = {isa = PBXFileReference; lastKnownFileType = sourcecode.swift; path = NewsJSONParserUITests.swift; sourceTree = "<group>"; };
		D69916E123DEFE6300A44066 /* Info.plist */ = {isa = PBXFileReference; lastKnownFileType = text.plist.xml; path = Info.plist; sourceTree = "<group>"; };
		D69916F423DF5F9400A44066 /* NewsViewModel.swift */ = {isa = PBXFileReference; lastKnownFileType = sourcecode.swift; path = NewsViewModel.swift; sourceTree = "<group>"; };
		D69916F623DF5FEF00A44066 /* NewsAppCell.swift */ = {isa = PBXFileReference; lastKnownFileType = sourcecode.swift; path = NewsAppCell.swift; sourceTree = "<group>"; };
		D69916F823DF613200A44066 /* NetworkManager.swift */ = {isa = PBXFileReference; lastKnownFileType = sourcecode.swift; path = NetworkManager.swift; sourceTree = "<group>"; };
		D69916FA23DF62BD00A44066 /* Reachability.swift */ = {isa = PBXFileReference; lastKnownFileType = sourcecode.swift; path = Reachability.swift; sourceTree = "<group>"; };
		D69916FC23DF62D100A44066 /* Result.swift */ = {isa = PBXFileReference; lastKnownFileType = sourcecode.swift; path = Result.swift; sourceTree = "<group>"; };
		D69916FE23DF62F400A44066 /* News.swift */ = {isa = PBXFileReference; lastKnownFileType = sourcecode.swift; path = News.swift; sourceTree = "<group>"; };
		D699170023DF630800A44066 /* NewsArticle.swift */ = {isa = PBXFileReference; lastKnownFileType = sourcecode.swift; path = NewsArticle.swift; sourceTree = "<group>"; };
		D699170223DF633300A44066 /* GCD.swift */ = {isa = PBXFileReference; lastKnownFileType = sourcecode.swift; path = GCD.swift; sourceTree = "<group>"; };
		E22F1FDAA1DE2F9D6CB4980D /* Pods-NewsJSONParserTests.debug.xcconfig */ = {isa = PBXFileReference; includeInIndex = 1; lastKnownFileType = text.xcconfig; name = "Pods-NewsJSONParserTests.debug.xcconfig"; path = "Target Support Files/Pods-NewsJSONParserTests/Pods-NewsJSONParserTests.debug.xcconfig"; sourceTree = "<group>"; };
		EB6F873E66BA8B48FF2541B3 /* Pods-NewsJSONParser.debug.xcconfig */ = {isa = PBXFileReference; includeInIndex = 1; lastKnownFileType = text.xcconfig; name = "Pods-NewsJSONParser.debug.xcconfig"; path = "Target Support Files/Pods-NewsJSONParser/Pods-NewsJSONParser.debug.xcconfig"; sourceTree = "<group>"; };
/* End PBXFileReference section */

/* Begin PBXFrameworksBuildPhase section */
		D69916B723DEFE6100A44066 /* Frameworks */ = {
			isa = PBXFrameworksBuildPhase;
			buildActionMask = 2147483647;
			files = (
				3EBD55EDE681C98D1AE23DBC /* Pods_NewsJSONParser.framework in Frameworks */,
			);
			runOnlyForDeploymentPostprocessing = 0;
		};
		D69916CD23DEFE6300A44066 /* Frameworks */ = {
			isa = PBXFrameworksBuildPhase;
			buildActionMask = 2147483647;
			files = (
				C3452259EDD25031072F2B3D /* Pods_NewsJSONParserTests.framework in Frameworks */,
			);
			runOnlyForDeploymentPostprocessing = 0;
		};
		D69916D823DEFE6300A44066 /* Frameworks */ = {
			isa = PBXFrameworksBuildPhase;
			buildActionMask = 2147483647;
			files = (
				2BAD4EE027D043CC1714F6A6 /* Pods_NewsJSONParser_NewsJSONParserUITests.framework in Frameworks */,
			);
			runOnlyForDeploymentPostprocessing = 0;
		};
/* End PBXFrameworksBuildPhase section */

/* Begin PBXGroup section */
		2FC9FF1486F840F6CC50632D /* Pods */ = {
			isa = PBXGroup;
			children = (
				EB6F873E66BA8B48FF2541B3 /* Pods-NewsJSONParser.debug.xcconfig */,
				5ED18AF839E5980D20663B6D /* Pods-NewsJSONParser.release.xcconfig */,
				461444F052916F51FF3422BF /* Pods-NewsJSONParser-NewsJSONParserUITests.debug.xcconfig */,
				0B93B0D0191566D22B88DC0C /* Pods-NewsJSONParser-NewsJSONParserUITests.release.xcconfig */,
				E22F1FDAA1DE2F9D6CB4980D /* Pods-NewsJSONParserTests.debug.xcconfig */,
				2BB3752CA77C92C883408B91 /* Pods-NewsJSONParserTests.release.xcconfig */,
			);
			path = Pods;
			sourceTree = "<group>";
		};
		B21A459BBCE12FF5871476A3 /* Frameworks */ = {
			isa = PBXGroup;
			children = (
				9F442FC5C7294EB85439AA27 /* Pods_NewsJSONParser.framework */,
				974F9CE558122C7A2CCC206B /* Pods_NewsJSONParser_NewsJSONParserUITests.framework */,
				9AED1A02C748143EBAC40027 /* Pods_NewsJSONParserTests.framework */,
			);
			name = Frameworks;
			sourceTree = "<group>";
		};
		D69916B123DEFE6100A44066 = {
			isa = PBXGroup;
			children = (
				D69916BC23DEFE6100A44066 /* NewsJSONParser */,
				D69916D323DEFE6300A44066 /* NewsJSONParserTests */,
				D69916DE23DEFE6300A44066 /* NewsJSONParserUITests */,
				D69916BB23DEFE6100A44066 /* Products */,
				2FC9FF1486F840F6CC50632D /* Pods */,
				B21A459BBCE12FF5871476A3 /* Frameworks */,
			);
			sourceTree = "<group>";
		};
		D69916BB23DEFE6100A44066 /* Products */ = {
			isa = PBXGroup;
			children = (
				D69916BA23DEFE6100A44066 /* NewsJSONParser.app */,
				D69916D023DEFE6300A44066 /* NewsJSONParserTests.xctest */,
				D69916DB23DEFE6300A44066 /* NewsJSONParserUITests.xctest */,
			);
			name = Products;
			sourceTree = "<group>";
		};
		D69916BC23DEFE6100A44066 /* NewsJSONParser */ = {
			isa = PBXGroup;
			children = (
				D69916F323DEFEE000A44066 /* Assets */,
				D69916F223DEFEB300A44066 /* ViewControllers */,
				D69916F123DEFE8700A44066 /* Others */,
				D69916F023DEFE7B00A44066 /* Storyboards & Xibs */,
				D69916EF23DEFE7700A44066 /* Models */,
				D69916EE23DEFE7100A44066 /* Views */,
				D69916ED23DEFE6700A44066 /* ViewController */,
				D69916CB23DEFE6200A44066 /* Info.plist */,
			);
			path = NewsJSONParser;
			sourceTree = "<group>";
		};
		D69916D323DEFE6300A44066 /* NewsJSONParserTests */ = {
			isa = PBXGroup;
			children = (
				D69916D423DEFE6300A44066 /* NewsJSONParserTests.swift */,
				D69916D623DEFE6300A44066 /* Info.plist */,
			);
			path = NewsJSONParserTests;
			sourceTree = "<group>";
		};
		D69916DE23DEFE6300A44066 /* NewsJSONParserUITests */ = {
			isa = PBXGroup;
			children = (
				D69916DF23DEFE6300A44066 /* NewsJSONParserUITests.swift */,
				D69916E123DEFE6300A44066 /* Info.plist */,
			);
			path = NewsJSONParserUITests;
			sourceTree = "<group>";
		};
		D69916ED23DEFE6700A44066 /* ViewController */ = {
			isa = PBXGroup;
			children = (
				D69916C123DEFE6100A44066 /* NewsViewController.swift */,
			);
			path = ViewController;
			sourceTree = "<group>";
		};
		D69916EE23DEFE7100A44066 /* Views */ = {
			isa = PBXGroup;
			children = (
				D69916F623DF5FEF00A44066 /* NewsAppCell.swift */,
			);
			path = Views;
			sourceTree = "<group>";
		};
		D69916EF23DEFE7700A44066 /* Models */ = {
			isa = PBXGroup;
			children = (
				D69916F423DF5F9400A44066 /* NewsViewModel.swift */,
				D69916F823DF613200A44066 /* NetworkManager.swift */,
				D69916FE23DF62F400A44066 /* News.swift */,
				D699170023DF630800A44066 /* NewsArticle.swift */,
			);
			path = Models;
			sourceTree = "<group>";
		};
		D69916F023DEFE7B00A44066 /* Storyboards & Xibs */ = {
			isa = PBXGroup;
			children = (
			);
			path = "Storyboards & Xibs";
			sourceTree = "<group>";
		};
		D69916F123DEFE8700A44066 /* Others */ = {
			isa = PBXGroup;
			children = (
				D69916BD23DEFE6100A44066 /* AppDelegate.swift */,
				D69916FA23DF62BD00A44066 /* Reachability.swift */,
				D69916FC23DF62D100A44066 /* Result.swift */,
				D699170223DF633300A44066 /* GCD.swift */,
			);
			path = Others;
			sourceTree = "<group>";
		};
		D69916F223DEFEB300A44066 /* ViewControllers */ = {
			isa = PBXGroup;
			children = (
			);
			path = ViewControllers;
			sourceTree = "<group>";
		};
		D69916F323DEFEE000A44066 /* Assets */ = {
			isa = PBXGroup;
			children = (
				D69916C623DEFE6200A44066 /* Assets.xcassets */,
			);
			path = Assets;
			sourceTree = "<group>";
		};
/* End PBXGroup section */

/* Begin PBXNativeTarget section */
		D69916B923DEFE6100A44066 /* NewsJSONParser */ = {
			isa = PBXNativeTarget;
			buildConfigurationList = D69916E423DEFE6300A44066 /* Build configuration list for PBXNativeTarget "NewsJSONParser" */;
			buildPhases = (
				3827DD85326AE4EFC47F3488 /* [CP] Check Pods Manifest.lock */,
				D69916B623DEFE6100A44066 /* Sources */,
				D69916B723DEFE6100A44066 /* Frameworks */,
				D69916B823DEFE6100A44066 /* Resources */,
				D3B7F8CC810E41A184A25722 /* [CP] Embed Pods Frameworks */,
			);
			buildRules = (
			);
			dependencies = (
			);
			name = NewsJSONParser;
			productName = NewsJSONParser;
			productReference = D69916BA23DEFE6100A44066 /* NewsJSONParser.app */;
			productType = "com.apple.product-type.application";
		};
		D69916CF23DEFE6300A44066 /* NewsJSONParserTests */ = {
			isa = PBXNativeTarget;
			buildConfigurationList = D69916E723DEFE6300A44066 /* Build configuration list for PBXNativeTarget "NewsJSONParserTests" */;
			buildPhases = (
				243FF083A680494554556885 /* [CP] Check Pods Manifest.lock */,
				D69916CC23DEFE6300A44066 /* Sources */,
				D69916CD23DEFE6300A44066 /* Frameworks */,
				D69916CE23DEFE6300A44066 /* Resources */,
			);
			buildRules = (
			);
			dependencies = (
				D69916D223DEFE6300A44066 /* PBXTargetDependency */,
			);
			name = NewsJSONParserTests;
			productName = NewsJSONParserTests;
			productReference = D69916D023DEFE6300A44066 /* NewsJSONParserTests.xctest */;
			productType = "com.apple.product-type.bundle.unit-test";
		};
		D69916DA23DEFE6300A44066 /* NewsJSONParserUITests */ = {
			isa = PBXNativeTarget;
			buildConfigurationList = D69916EA23DEFE6300A44066 /* Build configuration list for PBXNativeTarget "NewsJSONParserUITests" */;
			buildPhases = (
				1484A582133C1AA2419412FF /* [CP] Check Pods Manifest.lock */,
				D69916D723DEFE6300A44066 /* Sources */,
				D69916D823DEFE6300A44066 /* Frameworks */,
				D69916D923DEFE6300A44066 /* Resources */,
				9CEBB517B40F991517B245CD /* [CP] Embed Pods Frameworks */,
			);
			buildRules = (
			);
			dependencies = (
				D69916DD23DEFE6300A44066 /* PBXTargetDependency */,
			);
			name = NewsJSONParserUITests;
			productName = NewsJSONParserUITests;
			productReference = D69916DB23DEFE6300A44066 /* NewsJSONParserUITests.xctest */;
			productType = "com.apple.product-type.bundle.ui-testing";
		};
/* End PBXNativeTarget section */

/* Begin PBXProject section */
		D69916B223DEFE6100A44066 /* Project object */ = {
			isa = PBXProject;
			attributes = {
				LastSwiftUpdateCheck = 1130;
				LastUpgradeCheck = 1130;
				ORGANIZATIONNAME = "suraj poudel";
				TargetAttributes = {
					D69916B923DEFE6100A44066 = {
						CreatedOnToolsVersion = 11.3;
					};
					D69916CF23DEFE6300A44066 = {
						CreatedOnToolsVersion = 11.3;
						TestTargetID = D69916B923DEFE6100A44066;
					};
					D69916DA23DEFE6300A44066 = {
						CreatedOnToolsVersion = 11.3;
						TestTargetID = D69916B923DEFE6100A44066;
					};
				};
			};
			buildConfigurationList = D69916B523DEFE6100A44066 /* Build configuration list for PBXProject "NewsJSONParser" */;
			compatibilityVersion = "Xcode 9.3";
			developmentRegion = en;
			hasScannedForEncodings = 0;
			knownRegions = (
				en,
				Base,
			);
			mainGroup = D69916B123DEFE6100A44066;
			productRefGroup = D69916BB23DEFE6100A44066 /* Products */;
			projectDirPath = "";
			projectRoot = "";
			targets = (
				D69916B923DEFE6100A44066 /* NewsJSONParser */,
				D69916CF23DEFE6300A44066 /* NewsJSONParserTests */,
				D69916DA23DEFE6300A44066 /* NewsJSONParserUITests */,
			);
		};
/* End PBXProject section */

/* Begin PBXResourcesBuildPhase section */
		D69916B823DEFE6100A44066 /* Resources */ = {
			isa = PBXResourcesBuildPhase;
			buildActionMask = 2147483647;
			files = (
				D69916C723DEFE6200A44066 /* Assets.xcassets in Resources */,
			);
			runOnlyForDeploymentPostprocessing = 0;
		};
		D69916CE23DEFE6300A44066 /* Resources */ = {
			isa = PBXResourcesBuildPhase;
			buildActionMask = 2147483647;
			files = (
			);
			runOnlyForDeploymentPostprocessing = 0;
		};
		D69916D923DEFE6300A44066 /* Resources */ = {
			isa = PBXResourcesBuildPhase;
			buildActionMask = 2147483647;
			files = (
			);
			runOnlyForDeploymentPostprocessing = 0;
		};
/* End PBXResourcesBuildPhase section */

/* Begin PBXShellScriptBuildPhase section */
		1484A582133C1AA2419412FF /* [CP] Check Pods Manifest.lock */ = {
			isa = PBXShellScriptBuildPhase;
			buildActionMask = 2147483647;
			files = (
			);
			inputFileListPaths = (
			);
			inputPaths = (
				"${PODS_PODFILE_DIR_PATH}/Podfile.lock",
				"${PODS_ROOT}/Manifest.lock",
			);
			name = "[CP] Check Pods Manifest.lock";
			outputFileListPaths = (
			);
			outputPaths = (
				"$(DERIVED_FILE_DIR)/Pods-NewsJSONParser-NewsJSONParserUITests-checkManifestLockResult.txt",
			);
			runOnlyForDeploymentPostprocessing = 0;
			shellPath = /bin/sh;
			shellScript = "diff \"${PODS_PODFILE_DIR_PATH}/Podfile.lock\" \"${PODS_ROOT}/Manifest.lock\" > /dev/null\nif [ $? != 0 ] ; then\n    # print error to STDERR\n    echo \"error: The sandbox is not in sync with the Podfile.lock. Run 'pod install' or update your CocoaPods installation.\" >&2\n    exit 1\nfi\n# This output is used by Xcode 'outputs' to avoid re-running this script phase.\necho \"SUCCESS\" > \"${SCRIPT_OUTPUT_FILE_0}\"\n";
			showEnvVarsInLog = 0;
		};
		243FF083A680494554556885 /* [CP] Check Pods Manifest.lock */ = {
			isa = PBXShellScriptBuildPhase;
			buildActionMask = 2147483647;
			files = (
			);
			inputFileListPaths = (
			);
			inputPaths = (
				"${PODS_PODFILE_DIR_PATH}/Podfile.lock",
				"${PODS_ROOT}/Manifest.lock",
			);
			name = "[CP] Check Pods Manifest.lock";
			outputFileListPaths = (
			);
			outputPaths = (
				"$(DERIVED_FILE_DIR)/Pods-NewsJSONParserTests-checkManifestLockResult.txt",
			);
			runOnlyForDeploymentPostprocessing = 0;
			shellPath = /bin/sh;
			shellScript = "diff \"${PODS_PODFILE_DIR_PATH}/Podfile.lock\" \"${PODS_ROOT}/Manifest.lock\" > /dev/null\nif [ $? != 0 ] ; then\n    # print error to STDERR\n    echo \"error: The sandbox is not in sync with the Podfile.lock. Run 'pod install' or update your CocoaPods installation.\" >&2\n    exit 1\nfi\n# This output is used by Xcode 'outputs' to avoid re-running this script phase.\necho \"SUCCESS\" > \"${SCRIPT_OUTPUT_FILE_0}\"\n";
			showEnvVarsInLog = 0;
		};
		3827DD85326AE4EFC47F3488 /* [CP] Check Pods Manifest.lock */ = {
			isa = PBXShellScriptBuildPhase;
			buildActionMask = 2147483647;
			files = (
			);
			inputFileListPaths = (
			);
			inputPaths = (
				"${PODS_PODFILE_DIR_PATH}/Podfile.lock",
				"${PODS_ROOT}/Manifest.lock",
			);
			name = "[CP] Check Pods Manifest.lock";
			outputFileListPaths = (
			);
			outputPaths = (
				"$(DERIVED_FILE_DIR)/Pods-NewsJSONParser-checkManifestLockResult.txt",
			);
			runOnlyForDeploymentPostprocessing = 0;
			shellPath = /bin/sh;
			shellScript = "diff \"${PODS_PODFILE_DIR_PATH}/Podfile.lock\" \"${PODS_ROOT}/Manifest.lock\" > /dev/null\nif [ $? != 0 ] ; then\n    # print error to STDERR\n    echo \"error: The sandbox is not in sync with the Podfile.lock. Run 'pod install' or update your CocoaPods installation.\" >&2\n    exit 1\nfi\n# This output is used by Xcode 'outputs' to avoid re-running this script phase.\necho \"SUCCESS\" > \"${SCRIPT_OUTPUT_FILE_0}\"\n";
			showEnvVarsInLog = 0;
		};
		9CEBB517B40F991517B245CD /* [CP] Embed Pods Frameworks */ = {
			isa = PBXShellScriptBuildPhase;
			buildActionMask = 2147483647;
			files = (
			);
			inputFileListPaths = (
				"${PODS_ROOT}/Target Support Files/Pods-NewsJSONParser-NewsJSONParserUITests/Pods-NewsJSONParser-NewsJSONParserUITests-frameworks-${CONFIGURATION}-input-files.xcfilelist",
			);
			name = "[CP] Embed Pods Frameworks";
			outputFileListPaths = (
				"${PODS_ROOT}/Target Support Files/Pods-NewsJSONParser-NewsJSONParserUITests/Pods-NewsJSONParser-NewsJSONParserUITests-frameworks-${CONFIGURATION}-output-files.xcfilelist",
			);
			runOnlyForDeploymentPostprocessing = 0;
			shellPath = /bin/sh;
			shellScript = "\"${PODS_ROOT}/Target Support Files/Pods-NewsJSONParser-NewsJSONParserUITests/Pods-NewsJSONParser-NewsJSONParserUITests-frameworks.sh\"\n";
			showEnvVarsInLog = 0;
		};
		D3B7F8CC810E41A184A25722 /* [CP] Embed Pods Frameworks */ = {
			isa = PBXShellScriptBuildPhase;
			buildActionMask = 2147483647;
			files = (
			);
			inputFileListPaths = (
				"${PODS_ROOT}/Target Support Files/Pods-NewsJSONParser/Pods-NewsJSONParser-frameworks-${CONFIGURATION}-input-files.xcfilelist",
			);
			name = "[CP] Embed Pods Frameworks";
			outputFileListPaths = (
				"${PODS_ROOT}/Target Support Files/Pods-NewsJSONParser/Pods-NewsJSONParser-frameworks-${CONFIGURATION}-output-files.xcfilelist",
			);
			runOnlyForDeploymentPostprocessing = 0;
			shellPath = /bin/sh;
			shellScript = "\"${PODS_ROOT}/Target Support Files/Pods-NewsJSONParser/Pods-NewsJSONParser-frameworks.sh\"\n";
			showEnvVarsInLog = 0;
		};
/* End PBXShellScriptBuildPhase section */

/* Begin PBXSourcesBuildPhase section */
		D69916B623DEFE6100A44066 /* Sources */ = {
			isa = PBXSourcesBuildPhase;
			buildActionMask = 2147483647;
			files = (
				D699170323DF633300A44066 /* GCD.swift in Sources */,
				D69916C223DEFE6100A44066 /* NewsViewController.swift in Sources */,
				D69916F523DF5F9400A44066 /* NewsViewModel.swift in Sources */,
				D69916FF23DF62F400A44066 /* News.swift in Sources */,
				D69916FB23DF62BD00A44066 /* Reachability.swift in Sources */,
				D699170123DF630800A44066 /* NewsArticle.swift in Sources */,
				D69916F923DF613200A44066 /* NetworkManager.swift in Sources */,
				D69916FD23DF62D100A44066 /* Result.swift in Sources */,
				D69916F723DF5FEF00A44066 /* NewsAppCell.swift in Sources */,
				D69916BE23DEFE6100A44066 /* AppDelegate.swift in Sources */,
			);
			runOnlyForDeploymentPostprocessing = 0;
		};
		D69916CC23DEFE6300A44066 /* Sources */ = {
			isa = PBXSourcesBuildPhase;
			buildActionMask = 2147483647;
			files = (
				D69916D523DEFE6300A44066 /* NewsJSONParserTests.swift in Sources */,
			);
			runOnlyForDeploymentPostprocessing = 0;
		};
		D69916D723DEFE6300A44066 /* Sources */ = {
			isa = PBXSourcesBuildPhase;
			buildActionMask = 2147483647;
			files = (
				D69916E023DEFE6300A44066 /* NewsJSONParserUITests.swift in Sources */,
			);
			runOnlyForDeploymentPostprocessing = 0;
		};
/* End PBXSourcesBuildPhase section */

/* Begin PBXTargetDependency section */
		D69916D223DEFE6300A44066 /* PBXTargetDependency */ = {
			isa = PBXTargetDependency;
			target = D69916B923DEFE6100A44066 /* NewsJSONParser */;
			targetProxy = D69916D123DEFE6300A44066 /* PBXContainerItemProxy */;
		};
		D69916DD23DEFE6300A44066 /* PBXTargetDependency */ = {
			isa = PBXTargetDependency;
			target = D69916B923DEFE6100A44066 /* NewsJSONParser */;
			targetProxy = D69916DC23DEFE6300A44066 /* PBXContainerItemProxy */;
		};
/* End PBXTargetDependency section */

/* Begin XCBuildConfiguration section */
		D69916E223DEFE6300A44066 /* Debug */ = {
			isa = XCBuildConfiguration;
			buildSettings = {
				ALWAYS_SEARCH_USER_PATHS = NO;
				CLANG_ANALYZER_NONNULL = YES;
				CLANG_ANALYZER_NUMBER_OBJECT_CONVERSION = YES_AGGRESSIVE;
				CLANG_CXX_LANGUAGE_STANDARD = "gnu++14";
				CLANG_CXX_LIBRARY = "libc++";
				CLANG_ENABLE_MODULES = YES;
				CLANG_ENABLE_OBJC_ARC = YES;
				CLANG_ENABLE_OBJC_WEAK = YES;
				CLANG_WARN_BLOCK_CAPTURE_AUTORELEASING = YES;
				CLANG_WARN_BOOL_CONVERSION = YES;
				CLANG_WARN_COMMA = YES;
				CLANG_WARN_CONSTANT_CONVERSION = YES;
				CLANG_WARN_DEPRECATED_OBJC_IMPLEMENTATIONS = YES;
				CLANG_WARN_DIRECT_OBJC_ISA_USAGE = YES_ERROR;
				CLANG_WARN_DOCUMENTATION_COMMENTS = YES;
				CLANG_WARN_EMPTY_BODY = YES;
				CLANG_WARN_ENUM_CONVERSION = YES;
				CLANG_WARN_INFINITE_RECURSION = YES;
				CLANG_WARN_INT_CONVERSION = YES;
				CLANG_WARN_NON_LITERAL_NULL_CONVERSION = YES;
				CLANG_WARN_OBJC_IMPLICIT_RETAIN_SELF = YES;
				CLANG_WARN_OBJC_LITERAL_CONVERSION = YES;
				CLANG_WARN_OBJC_ROOT_CLASS = YES_ERROR;
				CLANG_WARN_RANGE_LOOP_ANALYSIS = YES;
				CLANG_WARN_STRICT_PROTOTYPES = YES;
				CLANG_WARN_SUSPICIOUS_MOVE = YES;
				CLANG_WARN_UNGUARDED_AVAILABILITY = YES_AGGRESSIVE;
				CLANG_WARN_UNREACHABLE_CODE = YES;
				CLANG_WARN__DUPLICATE_METHOD_MATCH = YES;
				COPY_PHASE_STRIP = NO;
				DEBUG_INFORMATION_FORMAT = dwarf;
				ENABLE_STRICT_OBJC_MSGSEND = YES;
				ENABLE_TESTABILITY = YES;
				GCC_C_LANGUAGE_STANDARD = gnu11;
				GCC_DYNAMIC_NO_PIC = NO;
				GCC_NO_COMMON_BLOCKS = YES;
				GCC_OPTIMIZATION_LEVEL = 0;
				GCC_PREPROCESSOR_DEFINITIONS = (
					"DEBUG=1",
					"$(inherited)",
				);
				GCC_WARN_64_TO_32_BIT_CONVERSION = YES;
				GCC_WARN_ABOUT_RETURN_TYPE = YES_ERROR;
				GCC_WARN_UNDECLARED_SELECTOR = YES;
				GCC_WARN_UNINITIALIZED_AUTOS = YES_AGGRESSIVE;
				GCC_WARN_UNUSED_FUNCTION = YES;
				GCC_WARN_UNUSED_VARIABLE = YES;
				IPHONEOS_DEPLOYMENT_TARGET = 13.2;
				MTL_ENABLE_DEBUG_INFO = INCLUDE_SOURCE;
				MTL_FAST_MATH = YES;
				ONLY_ACTIVE_ARCH = YES;
				SDKROOT = iphoneos;
				SWIFT_ACTIVE_COMPILATION_CONDITIONS = DEBUG;
				SWIFT_OPTIMIZATION_LEVEL = "-Onone";
			};
			name = Debug;
		};
		D69916E323DEFE6300A44066 /* Release */ = {
			isa = XCBuildConfiguration;
			buildSettings = {
				ALWAYS_SEARCH_USER_PATHS = NO;
				CLANG_ANALYZER_NONNULL = YES;
				CLANG_ANALYZER_NUMBER_OBJECT_CONVERSION = YES_AGGRESSIVE;
				CLANG_CXX_LANGUAGE_STANDARD = "gnu++14";
				CLANG_CXX_LIBRARY = "libc++";
				CLANG_ENABLE_MODULES = YES;
				CLANG_ENABLE_OBJC_ARC = YES;
				CLANG_ENABLE_OBJC_WEAK = YES;
				CLANG_WARN_BLOCK_CAPTURE_AUTORELEASING = YES;
				CLANG_WARN_BOOL_CONVERSION = YES;
				CLANG_WARN_COMMA = YES;
				CLANG_WARN_CONSTANT_CONVERSION = YES;
				CLANG_WARN_DEPRECATED_OBJC_IMPLEMENTATIONS = YES;
				CLANG_WARN_DIRECT_OBJC_ISA_USAGE = YES_ERROR;
				CLANG_WARN_DOCUMENTATION_COMMENTS = YES;
				CLANG_WARN_EMPTY_BODY = YES;
				CLANG_WARN_ENUM_CONVERSION = YES;
				CLANG_WARN_INFINITE_RECURSION = YES;
				CLANG_WARN_INT_CONVERSION = YES;
				CLANG_WARN_NON_LITERAL_NULL_CONVERSION = YES;
				CLANG_WARN_OBJC_IMPLICIT_RETAIN_SELF = YES;
				CLANG_WARN_OBJC_LITERAL_CONVERSION = YES;
				CLANG_WARN_OBJC_ROOT_CLASS = YES_ERROR;
				CLANG_WARN_RANGE_LOOP_ANALYSIS = YES;
				CLANG_WARN_STRICT_PROTOTYPES = YES;
				CLANG_WARN_SUSPICIOUS_MOVE = YES;
				CLANG_WARN_UNGUARDED_AVAILABILITY = YES_AGGRESSIVE;
				CLANG_WARN_UNREACHABLE_CODE = YES;
				CLANG_WARN__DUPLICATE_METHOD_MATCH = YES;
				COPY_PHASE_STRIP = NO;
				DEBUG_INFORMATION_FORMAT = "dwarf-with-dsym";
				ENABLE_NS_ASSERTIONS = NO;
				ENABLE_STRICT_OBJC_MSGSEND = YES;
				GCC_C_LANGUAGE_STANDARD = gnu11;
				GCC_NO_COMMON_BLOCKS = YES;
				GCC_WARN_64_TO_32_BIT_CONVERSION = YES;
				GCC_WARN_ABOUT_RETURN_TYPE = YES_ERROR;
				GCC_WARN_UNDECLARED_SELECTOR = YES;
				GCC_WARN_UNINITIALIZED_AUTOS = YES_AGGRESSIVE;
				GCC_WARN_UNUSED_FUNCTION = YES;
				GCC_WARN_UNUSED_VARIABLE = YES;
				IPHONEOS_DEPLOYMENT_TARGET = 13.2;
				MTL_ENABLE_DEBUG_INFO = NO;
				MTL_FAST_MATH = YES;
				SDKROOT = iphoneos;
				SWIFT_COMPILATION_MODE = wholemodule;
				SWIFT_OPTIMIZATION_LEVEL = "-O";
				VALIDATE_PRODUCT = YES;
			};
			name = Release;
		};
		D69916E523DEFE6300A44066 /* Debug */ = {
			isa = XCBuildConfiguration;
			baseConfigurationReference = EB6F873E66BA8B48FF2541B3 /* Pods-NewsJSONParser.debug.xcconfig */;
			buildSettings = {
				ASSETCATALOG_COMPILER_APPICON_NAME = AppIcon;
				CODE_SIGN_STYLE = Automatic;
				INFOPLIST_FILE = NewsJSONParser/Info.plist;
				LD_RUNPATH_SEARCH_PATHS = (
					"$(inherited)",
					"@executable_path/Frameworks",
				);
				PRODUCT_BUNDLE_IDENTIFIER = com.pyroTech.NewsJSONParser;
				PRODUCT_NAME = "$(TARGET_NAME)";
				SWIFT_VERSION = 5.0;
				TARGETED_DEVICE_FAMILY = "1,2";
			};
			name = Debug;
		};
		D69916E623DEFE6300A44066 /* Release */ = {
			isa = XCBuildConfiguration;
			baseConfigurationReference = 5ED18AF839E5980D20663B6D /* Pods-NewsJSONParser.release.xcconfig */;
			buildSettings = {
				ASSETCATALOG_COMPILER_APPICON_NAME = AppIcon;
				CODE_SIGN_STYLE = Automatic;
				INFOPLIST_FILE = NewsJSONParser/Info.plist;
				LD_RUNPATH_SEARCH_PATHS = (
					"$(inherited)",
					"@executable_path/Frameworks",
				);
				PRODUCT_BUNDLE_IDENTIFIER = com.pyroTech.NewsJSONParser;
				PRODUCT_NAME = "$(TARGET_NAME)";
				SWIFT_VERSION = 5.0;
				TARGETED_DEVICE_FAMILY = "1,2";
			};
			name = Release;
		};
		D69916E823DEFE6300A44066 /* Debug */ = {
			isa = XCBuildConfiguration;
			baseConfigurationReference = E22F1FDAA1DE2F9D6CB4980D /* Pods-NewsJSONParserTests.debug.xcconfig */;
			buildSettings = {
				ALWAYS_EMBED_SWIFT_STANDARD_LIBRARIES = YES;
				BUNDLE_LOADER = "$(TEST_HOST)";
				CODE_SIGN_STYLE = Automatic;
				INFOPLIST_FILE = NewsJSONParserTests/Info.plist;
				IPHONEOS_DEPLOYMENT_TARGET = 13.2;
				LD_RUNPATH_SEARCH_PATHS = (
					"$(inherited)",
					"@executable_path/Frameworks",
					"@loader_path/Frameworks",
				);
				PRODUCT_BUNDLE_IDENTIFIER = com.pyroTech.NewsJSONParserTests;
				PRODUCT_NAME = "$(TARGET_NAME)";
				SWIFT_VERSION = 5.0;
				TARGETED_DEVICE_FAMILY = "1,2";
				TEST_HOST = "$(BUILT_PRODUCTS_DIR)/NewsJSONParser.app/NewsJSONParser";
			};
			name = Debug;
		};
		D69916E923DEFE6300A44066 /* Release */ = {
			isa = XCBuildConfiguration;
			baseConfigurationReference = 2BB3752CA77C92C883408B91 /* Pods-NewsJSONParserTests.release.xcconfig */;
			buildSettings = {
				ALWAYS_EMBED_SWIFT_STANDARD_LIBRARIES = YES;
				BUNDLE_LOADER = "$(TEST_HOST)";
				CODE_SIGN_STYLE = Automatic;
				INFOPLIST_FILE = NewsJSONParserTests/Info.plist;
				IPHONEOS_DEPLOYMENT_TARGET = 13.2;
				LD_RUNPATH_SEARCH_PATHS = (
					"$(inherited)",
					"@executable_path/Frameworks",
					"@loader_path/Frameworks",
				);
				PRODUCT_BUNDLE_IDENTIFIER = com.pyroTech.NewsJSONParserTests;
				PRODUCT_NAME = "$(TARGET_NAME)";
				SWIFT_VERSION = 5.0;
				TARGETED_DEVICE_FAMILY = "1,2";
				TEST_HOST = "$(BUILT_PRODUCTS_DIR)/NewsJSONParser.app/NewsJSONParser";
			};
			name = Release;
		};
		D69916EB23DEFE6300A44066 /* Debug */ = {
			isa = XCBuildConfiguration;
			baseConfigurationReference = 461444F052916F51FF3422BF /* Pods-NewsJSONParser-NewsJSONParserUITests.debug.xcconfig */;
			buildSettings = {
				ALWAYS_EMBED_SWIFT_STANDARD_LIBRARIES = YES;
				CODE_SIGN_STYLE = Automatic;
				INFOPLIST_FILE = NewsJSONParserUITests/Info.plist;
				LD_RUNPATH_SEARCH_PATHS = (
					"$(inherited)",
					"@executable_path/Frameworks",
					"@loader_path/Frameworks",
				);
				PRODUCT_BUNDLE_IDENTIFIER = com.pyroTech.NewsJSONParserUITests;
				PRODUCT_NAME = "$(TARGET_NAME)";
				SWIFT_VERSION = 5.0;
				TARGETED_DEVICE_FAMILY = "1,2";
				TEST_TARGET_NAME = NewsJSONParser;
			};
			name = Debug;
		};
		D69916EC23DEFE6300A44066 /* Release */ = {
			isa = XCBuildConfiguration;
			baseConfigurationReference = 0B93B0D0191566D22B88DC0C /* Pods-NewsJSONParser-NewsJSONParserUITests.release.xcconfig */;
			buildSettings = {
				ALWAYS_EMBED_SWIFT_STANDARD_LIBRARIES = YES;
				CODE_SIGN_STYLE = Automatic;
				INFOPLIST_FILE = NewsJSONParserUITests/Info.plist;
				LD_RUNPATH_SEARCH_PATHS = (
					"$(inherited)",
					"@executable_path/Frameworks",
					"@loader_path/Frameworks",
				);
				PRODUCT_BUNDLE_IDENTIFIER = com.pyroTech.NewsJSONParserUITests;
				PRODUCT_NAME = "$(TARGET_NAME)";
				SWIFT_VERSION = 5.0;
				TARGETED_DEVICE_FAMILY = "1,2";
				TEST_TARGET_NAME = NewsJSONParser;
			};
			name = Release;
		};
/* End XCBuildConfiguration section */

/* Begin XCConfigurationList section */
		D69916B523DEFE6100A44066 /* Build configuration list for PBXProject "NewsJSONParser" */ = {
			isa = XCConfigurationList;
			buildConfigurations = (
				D69916E223DEFE6300A44066 /* Debug */,
				D69916E323DEFE6300A44066 /* Release */,
			);
			defaultConfigurationIsVisible = 0;
			defaultConfigurationName = Release;
		};
		D69916E423DEFE6300A44066 /* Build configuration list for PBXNativeTarget "NewsJSONParser" */ = {
			isa = XCConfigurationList;
			buildConfigurations = (
				D69916E523DEFE6300A44066 /* Debug */,
				D69916E623DEFE6300A44066 /* Release */,
			);
			defaultConfigurationIsVisible = 0;
			defaultConfigurationName = Release;
		};
		D69916E723DEFE6300A44066 /* Build configuration list for PBXNativeTarget "NewsJSONParserTests" */ = {
			isa = XCConfigurationList;
			buildConfigurations = (
				D69916E823DEFE6300A44066 /* Debug */,
				D69916E923DEFE6300A44066 /* Release */,
			);
			defaultConfigurationIsVisible = 0;
			defaultConfigurationName = Release;
		};
		D69916EA23DEFE6300A44066 /* Build configuration list for PBXNativeTarget "NewsJSONParserUITests" */ = {
			isa = XCConfigurationList;
			buildConfigurations = (
				D69916EB23DEFE6300A44066 /* Debug */,
				D69916EC23DEFE6300A44066 /* Release */,
			);
			defaultConfigurationIsVisible = 0;
			defaultConfigurationName = Release;
		};
/* End XCConfigurationList section */
	};
	rootObject = D69916B223DEFE6100A44066 /* Project object */;
}
